
Microsoft Visual Studio Solution File, Format Version 12.00
# Visual Studio Version 16
VisualStudioVersion = 16.0.31515.178
MinimumVisualStudioVersion = 10.0.40219.1
Project("{FAE04EC0-301F-11D3-BF4B-00C04F79EFBC}") = "PersonUnitTest", "PersonUnitTest.csproj", "{BC750869-2CC3-4213-8FD6-80FF1216BEBB}"
EndProject
Global
	GlobalSection(SolutionConfigurationPlatforms) = preSolution
		Debug|Any CPU = Debug|Any CPU
		Release|Any CPU = Release|Any CPU
	EndGlobalSection
	GlobalSection(ProjectConfigurationPlatforms) = postSolution
		{BC750869-2CC3-4213-8FD6-80FF1216BEBB}.Debug|Any CPU.ActiveCfg = Debug|Any CPU
		{BC750869-2CC3-4213-8FD6-80FF1216BEBB}.Debug|Any CPU.Build.0 = Debug|Any CPU
		{BC750869-2CC3-4213-8FD6-80FF1216BEBB}.Release|Any CPU.ActiveCfg = Release|Any CPU
		{BC750869-2CC3-4213-8FD6-80FF1216BEBB}.Release|Any CPU.Build.0 = Release|Any CPU
	EndGlobalSection
	GlobalSection(SolutionProperties) = preSolution
		HideSolutionNode = FALSE
	EndGlobalSection
	GlobalSection(ExtensibilityGlobals) = postSolution
		SolutionGuid = {D7271793-0620-46B1-8EE6-1B66914D2006}
	EndGlobalSection
EndGlobal
